
Microsoft Visual Studio Solution File, Format Version 12.00
# Visual Studio Version 17
VisualStudioVersion = 17.3.32922.545
MinimumVisualStudioVersion = 10.0.40219.1
Project("{FAE04EC0-301F-11D3-BF4B-00C04F79EFBC}") = "Eloadas_2024", "Eloadas_2024\Eloadas_2024.csproj", "{B220FDAF-C1BC-4098-A6D8-BBD0018E2CE3}"
EndProject
Global
	GlobalSection(SolutionConfigurationPlatforms) = preSolution
		Debug|Any CPU = Debug|Any CPU
		Release|Any CPU = Release|Any CPU
	EndGlobalSection
	GlobalSection(ProjectConfigurationPlatforms) = postSolution
		{B220FDAF-C1BC-4098-A6D8-BBD0018E2CE3}.Debug|Any CPU.ActiveCfg = Debug|Any CPU
		{B220FDAF-C1BC-4098-A6D8-BBD0018E2CE3}.Debug|Any CPU.Build.0 = Debug|Any CPU
		{B220FDAF-C1BC-4098-A6D8-BBD0018E2CE3}.Release|Any CPU.ActiveCfg = Release|Any CPU
		{B220FDAF-C1BC-4098-A6D8-BBD0018E2CE3}.Release|Any CPU.Build.0 = Release|Any CPU
	EndGlobalSection
	GlobalSection(SolutionProperties) = preSolution
		HideSolutionNode = FALSE
	EndGlobalSection
	GlobalSection(ExtensibilityGlobals) = postSolution
		SolutionGuid = {BD5C91BC-979A-4204-9576-3C32F6062A32}
	EndGlobalSection
EndGlobal
