
Microsoft Visual Studio Solution File, Format Version 12.00
Project("{FAE04EC0-301F-11D3-BF4B-00C04F79EFBC}") = "AoC2024", "AoC2024.csproj", "{70531008-780A-41BE-A3B7-4BFD100949A7}"
EndProject
Global
	GlobalSection(SolutionConfigurationPlatforms) = preSolution
		Debug|Any CPU = Debug|Any CPU
		Release|Any CPU = Release|Any CPU
	EndGlobalSection
	GlobalSection(ProjectConfigurationPlatforms) = postSolution
		{70531008-780A-41BE-A3B7-4BFD100949A7}.Debug|Any CPU.ActiveCfg = Debug|Any CPU
		{70531008-780A-41BE-A3B7-4BFD100949A7}.Debug|Any CPU.Build.0 = Debug|Any CPU
		{70531008-780A-41BE-A3B7-4BFD100949A7}.Release|Any CPU.ActiveCfg = Release|Any CPU
		{70531008-780A-41BE-A3B7-4BFD100949A7}.Release|Any CPU.Build.0 = Release|Any CPU
	EndGlobalSection
EndGlobal
